# This file is automatically @generated by Cargo.
# It is not intended for manual editing.
version = 3

[[package]]
name = "my-project"
version = "0.1.0"
dependencies = [
 "vigenere",
]

[[package]]
name = "vigenere"
version = "0.0.1"
source = "git+https://github.com/Anoncomrade993/vigenere#246e7eb6d36a86652de78b20ab9ca44ebf798870"
